// !$*UTF8*$!
{
	archiveVersion = 1;
	classes = {
	};
	objectVersion = 46;
	objects = {

/* Begin PBXBuildFile section */
		F475287D1F5DE1FC0086F5C6 /* AppDelegate.swift in Sources */ = {isa = PBXBuildFile; fileRef = F475287C1F5DE1FC0086F5C6 /* AppDelegate.swift */; };
		F475287F1F5DE1FC0086F5C6 /* ViewController.swift in Sources */ = {isa = PBXBuildFile; fileRef = F475287E1F5DE1FC0086F5C6 /* ViewController.swift */; };
		F47528821F5DE1FC0086F5C6 /* Main.storyboard in Resources */ = {isa = PBXBuildFile; fileRef = F47528801F5DE1FC0086F5C6 /* Main.storyboard */; };
		F47528841F5DE1FC0086F5C6 /* Assets.xcassets in Resources */ = {isa = PBXBuildFile; fileRef = F47528831F5DE1FC0086F5C6 /* Assets.xcassets */; };
		F47528871F5DE1FC0086F5C6 /* LaunchScreen.storyboard in Resources */ = {isa = PBXBuildFile; fileRef = F47528851F5DE1FC0086F5C6 /* LaunchScreen.storyboard */; };
		F47528921F5DE1FC0086F5C6 /* iOSQuizTests.swift in Sources */ = {isa = PBXBuildFile; fileRef = F47528911F5DE1FC0086F5C6 /* iOSQuizTests.swift */; };
		F475289D1F5DE1FC0086F5C6 /* iOSQuizUITests.swift in Sources */ = {isa = PBXBuildFile; fileRef = F475289C1F5DE1FC0086F5C6 /* iOSQuizUITests.swift */; };
/* End PBXBuildFile section */

/* Begin PBXContainerItemProxy section */
		F475288E1F5DE1FC0086F5C6 /* PBXContainerItemProxy */ = {
			isa = PBXContainerItemProxy;
			containerPortal = F47528711F5DE1FC0086F5C6 /* Project object */;
			proxyType = 1;
			remoteGlobalIDString = F47528781F5DE1FC0086F5C6;
			remoteInfo = iOSQuiz;
		};
		F47528991F5DE1FC0086F5C6 /* PBXContainerItemProxy */ = {
			isa = PBXContainerItemProxy;
			containerPortal = F47528711F5DE1FC0086F5C6 /* Project object */;
			proxyType = 1;
			remoteGlobalIDString = F47528781F5DE1FC0086F5C6;
			remoteInfo = iOSQuiz;
		};
/* End PBXContainerItemProxy section */

/* Begin PBXFileReference section */
		F47528791F5DE1FC0086F5C6 /* iOSQuiz.app */ = {isa = PBXFileReference; explicitFileType = wrapper.application; includeInIndex = 0; path = iOSQuiz.app; sourceTree = BUILT_PRODUCTS_DIR; };
		F475287C1F5DE1FC0086F5C6 /* AppDelegate.swift */ = {isa = PBXFileReference; lastKnownFileType = sourcecode.swift; path = AppDelegate.swift; sourceTree = "<group>"; };
		F475287E1F5DE1FC0086F5C6 /* ViewController.swift */ = {isa = PBXFileReference; lastKnownFileType = sourcecode.swift; path = ViewController.swift; sourceTree = "<group>"; };
		F47528811F5DE1FC0086F5C6 /* Base */ = {isa = PBXFileReference; lastKnownFileType = file.storyboard; name = Base; path = Base.lproj/Main.storyboard; sourceTree = "<group>"; };
		F47528831F5DE1FC0086F5C6 /* Assets.xcassets */ = {isa = PBXFileReference; lastKnownFileType = folder.assetcatalog; path = Assets.xcassets; sourceTree = "<group>"; };
		F47528861F5DE1FC0086F5C6 /* Base */ = {isa = PBXFileReference; lastKnownFileType = file.storyboard; name = Base; path = Base.lproj/LaunchScreen.storyboard; sourceTree = "<group>"; };
		F47528881F5DE1FC0086F5C6 /* Info.plist */ = {isa = PBXFileReference; lastKnownFileType = text.plist.xml; path = Info.plist; sourceTree = "<group>"; };
		F475288D1F5DE1FC0086F5C6 /* iOSQuizTests.xctest */ = {isa = PBXFileReference; explicitFileType = wrapper.cfbundle; includeInIndex = 0; path = iOSQuizTests.xctest; sourceTree = BUILT_PRODUCTS_DIR; };
		F47528911F5DE1FC0086F5C6 /* iOSQuizTests.swift */ = {isa = PBXFileReference; lastKnownFileType = sourcecode.swift; path = iOSQuizTests.swift; sourceTree = "<group>"; };
		F47528931F5DE1FC0086F5C6 /* Info.plist */ = {isa = PBXFileReference; lastKnownFileType = text.plist.xml; path = Info.plist; sourceTree = "<group>"; };
		F47528981F5DE1FC0086F5C6 /* iOSQuizUITests.xctest */ = {isa = PBXFileReference; explicitFileType = wrapper.cfbundle; includeInIndex = 0; path = iOSQuizUITests.xctest; sourceTree = BUILT_PRODUCTS_DIR; };
		F475289C1F5DE1FC0086F5C6 /* iOSQuizUITests.swift */ = {isa = PBXFileReference; lastKnownFileType = sourcecode.swift; path = iOSQuizUITests.swift; sourceTree = "<group>"; };
		F475289E1F5DE1FC0086F5C6 /* Info.plist */ = {isa = PBXFileReference; lastKnownFileType = text.plist.xml; path = Info.plist; sourceTree = "<group>"; };
/* End PBXFileReference section */

/* Begin PBXFrameworksBuildPhase section */
		F47528761F5DE1FC0086F5C6 /* Frameworks */ = {
			isa = PBXFrameworksBuildPhase;
			buildActionMask = 2147483647;
			files = (
			);
			runOnlyForDeploymentPostprocessing = 0;
		};
		F475288A1F5DE1FC0086F5C6 /* Frameworks */ = {
			isa = PBXFrameworksBuildPhase;
			buildActionMask = 2147483647;
			files = (
			);
			runOnlyForDeploymentPostprocessing = 0;
		};
		F47528951F5DE1FC0086F5C6 /* Frameworks */ = {
			isa = PBXFrameworksBuildPhase;
			buildActionMask = 2147483647;
			files = (
			);
			runOnlyForDeploymentPostprocessing = 0;
		};
/* End PBXFrameworksBuildPhase section */

/* Begin PBXGroup section */
		F47528701F5DE1FC0086F5C6 = {
			isa = PBXGroup;
			children = (
				F475287B1F5DE1FC0086F5C6 /* iOSQuiz */,
				F47528901F5DE1FC0086F5C6 /* iOSQuizTests */,
				F475289B1F5DE1FC0086F5C6 /* iOSQuizUITests */,
				F475287A1F5DE1FC0086F5C6 /* Products */,
			);
			sourceTree = "<group>";
		};
		F475287A1F5DE1FC0086F5C6 /* Products */ = {
			isa = PBXGroup;
			children = (
				F47528791F5DE1FC0086F5C6 /* iOSQuiz.app */,
				F475288D1F5DE1FC0086F5C6 /* iOSQuizTests.xctest */,
				F47528981F5DE1FC0086F5C6 /* iOSQuizUITests.xctest */,
			);
			name = Products;
			sourceTree = "<group>";
		};
		F475287B1F5DE1FC0086F5C6 /* iOSQuiz */ = {
			isa = PBXGroup;
			children = (
				F475287C1F5DE1FC0086F5C6 /* AppDelegate.swift */,
				F475287E1F5DE1FC0086F5C6 /* ViewController.swift */,
				F47528801F5DE1FC0086F5C6 /* Main.storyboard */,
				F47528831F5DE1FC0086F5C6 /* Assets.xcassets */,
				F47528851F5DE1FC0086F5C6 /* LaunchScreen.storyboard */,
				F47528881F5DE1FC0086F5C6 /* Info.plist */,
			);
			path = iOSQuiz;
			sourceTree = "<group>";
		};
		F47528901F5DE1FC0086F5C6 /* iOSQuizTests */ = {
			isa = PBXGroup;
			children = (
				F47528911F5DE1FC0086F5C6 /* iOSQuizTests.swift */,
				F47528931F5DE1FC0086F5C6 /* Info.plist */,
			);
			path = iOSQuizTests;
			sourceTree = "<group>";
		};
		F475289B1F5DE1FC0086F5C6 /* iOSQuizUITests */ = {
			isa = PBXGroup;
			children = (
				F475289C1F5DE1FC0086F5C6 /* iOSQuizUITests.swift */,
				F475289E1F5DE1FC0086F5C6 /* Info.plist */,
			);
			path = iOSQuizUITests;
			sourceTree = "<group>";
		};
/* End PBXGroup section */

/* Begin PBXNativeTarget section */
		F47528781F5DE1FC0086F5C6 /* iOSQuiz */ = {
			isa = PBXNativeTarget;
			buildConfigurationList = F47528A11F5DE1FC0086F5C6 /* Build configuration list for PBXNativeTarget "iOSQuiz" */;
			buildPhases = (
				F47528751F5DE1FC0086F5C6 /* Sources */,
				F47528761F5DE1FC0086F5C6 /* Frameworks */,
				F47528771F5DE1FC0086F5C6 /* Resources */,
			);
			buildRules = (
			);
			dependencies = (
			);
			name = iOSQuiz;
			productName = iOSQuiz;
			productReference = F47528791F5DE1FC0086F5C6 /* iOSQuiz.app */;
			productType = "com.apple.product-type.application";
		};
		F475288C1F5DE1FC0086F5C6 /* iOSQuizTests */ = {
			isa = PBXNativeTarget;
			buildConfigurationList = F47528A41F5DE1FC0086F5C6 /* Build configuration list for PBXNativeTarget "iOSQuizTests" */;
			buildPhases = (
				F47528891F5DE1FC0086F5C6 /* Sources */,
				F475288A1F5DE1FC0086F5C6 /* Frameworks */,
				F475288B1F5DE1FC0086F5C6 /* Resources */,
			);
			buildRules = (
			);
			dependencies = (
				F475288F1F5DE1FC0086F5C6 /* PBXTargetDependency */,
			);
			name = iOSQuizTests;
			productName = iOSQuizTests;
			productReference = F475288D1F5DE1FC0086F5C6 /* iOSQuizTests.xctest */;
			productType = "com.apple.product-type.bundle.unit-test";
		};
		F47528971F5DE1FC0086F5C6 /* iOSQuizUITests */ = {
			isa = PBXNativeTarget;
			buildConfigurationList = F47528A71F5DE1FC0086F5C6 /* Build configuration list for PBXNativeTarget "iOSQuizUITests" */;
			buildPhases = (
				F47528941F5DE1FC0086F5C6 /* Sources */,
				F47528951F5DE1FC0086F5C6 /* Frameworks */,
				F47528961F5DE1FC0086F5C6 /* Resources */,
			);
			buildRules = (
			);
			dependencies = (
				F475289A1F5DE1FC0086F5C6 /* PBXTargetDependency */,
			);
			name = iOSQuizUITests;
			productName = iOSQuizUITests;
			productReference = F47528981F5DE1FC0086F5C6 /* iOSQuizUITests.xctest */;
			productType = "com.apple.product-type.bundle.ui-testing";
		};
/* End PBXNativeTarget section */

/* Begin PBXProject section */
		F47528711F5DE1FC0086F5C6 /* Project object */ = {
			isa = PBXProject;
			attributes = {
				LastSwiftUpdateCheck = 0830;
				LastUpgradeCheck = 0830;
				ORGANIZATIONNAME = "Shawn Baugh II";
				TargetAttributes = {
					F47528781F5DE1FC0086F5C6 = {
						CreatedOnToolsVersion = 8.3.3;
						DevelopmentTeam = 78P9LHF9Q5;
						ProvisioningStyle = Automatic;
					};
					F475288C1F5DE1FC0086F5C6 = {
						CreatedOnToolsVersion = 8.3.3;
						DevelopmentTeam = 78P9LHF9Q5;
						ProvisioningStyle = Automatic;
						TestTargetID = F47528781F5DE1FC0086F5C6;
					};
					F47528971F5DE1FC0086F5C6 = {
						CreatedOnToolsVersion = 8.3.3;
						DevelopmentTeam = 78P9LHF9Q5;
						ProvisioningStyle = Automatic;
						TestTargetID = F47528781F5DE1FC0086F5C6;
					};
				};
			};
			buildConfigurationList = F47528741F5DE1FC0086F5C6 /* Build configuration list for PBXProject "iOSQuiz" */;
			compatibilityVersion = "Xcode 3.2";
			developmentRegion = English;
			hasScannedForEncodings = 0;
			knownRegions = (
				en,
				Base,
			);
			mainGroup = F47528701F5DE1FC0086F5C6;
			productRefGroup = F475287A1F5DE1FC0086F5C6 /* Products */;
			projectDirPath = "";
			projectRoot = "";
			targets = (
				F47528781F5DE1FC0086F5C6 /* iOSQuiz */,
				F475288C1F5DE1FC0086F5C6 /* iOSQuizTests */,
				F47528971F5DE1FC0086F5C6 /* iOSQuizUITests */,
			);
		};
/* End PBXProject section */

/* Begin PBXResourcesBuildPhase section */
		F47528771F5DE1FC0086F5C6 /* Resources */ = {
			isa = PBXResourcesBuildPhase;
			buildActionMask = 2147483647;
			files = (
				F47528871F5DE1FC0086F5C6 /* LaunchScreen.storyboard in Resources */,
				F47528841F5DE1FC0086F5C6 /* Assets.xcassets in Resources */,
				F47528821F5DE1FC0086F5C6 /* Main.storyboard in Resources */,
			);
			runOnlyForDeploymentPostprocessing = 0;
		};
		F475288B1F5DE1FC0086F5C6 /* Resources */ = {
			isa = PBXResourcesBuildPhase;
			buildActionMask = 2147483647;
			files = (
			);
			runOnlyForDeploymentPostprocessing = 0;
		};
		F47528961F5DE1FC0086F5C6 /* Resources */ = {
			isa = PBXResourcesBuildPhase;
			buildActionMask = 2147483647;
			files = (
			);
			runOnlyForDeploymentPostprocessing = 0;
		};
/* End PBXResourcesBuildPhase section */

/* Begin PBXSourcesBuildPhase section */
		F47528751F5DE1FC0086F5C6 /* Sources */ = {
			isa = PBXSourcesBuildPhase;
			buildActionMask = 2147483647;
			files = (
				F475287F1F5DE1FC0086F5C6 /* ViewController.swift in Sources */,
				F475287D1F5DE1FC0086F5C6 /* AppDelegate.swift in Sources */,
			);
			runOnlyForDeploymentPostprocessing = 0;
		};
		F47528891F5DE1FC0086F5C6 /* Sources */ = {
			isa = PBXSourcesBuildPhase;
			buildActionMask = 2147483647;
			files = (
				F47528921F5DE1FC0086F5C6 /* iOSQuizTests.swift in Sources */,
			);
			runOnlyForDeploymentPostprocessing = 0;
		};
		F47528941F5DE1FC0086F5C6 /* Sources */ = {
			isa = PBXSourcesBuildPhase;
			buildActionMask = 2147483647;
			files = (
				F475289D1F5DE1FC0086F5C6 /* iOSQuizUITests.swift in Sources */,
			);
			runOnlyForDeploymentPostprocessing = 0;
		};
/* End PBXSourcesBuildPhase section */

/* Begin PBXTargetDependency section */
		F475288F1F5DE1FC0086F5C6 /* PBXTargetDependency */ = {
			isa = PBXTargetDependency;
			target = F47528781F5DE1FC0086F5C6 /* iOSQuiz */;
			targetProxy = F475288E1F5DE1FC0086F5C6 /* PBXContainerItemProxy */;
		};
		F475289A1F5DE1FC0086F5C6 /* PBXTargetDependency */ = {
			isa = PBXTargetDependency;
			target = F47528781F5DE1FC0086F5C6 /* iOSQuiz */;
			targetProxy = F47528991F5DE1FC0086F5C6 /* PBXContainerItemProxy */;
		};
/* End PBXTargetDependency section */

/* Begin PBXVariantGroup section */
		F47528801F5DE1FC0086F5C6 /* Main.storyboard */ = {
			isa = PBXVariantGroup;
			children = (
				F47528811F5DE1FC0086F5C6 /* Base */,
			);
			name = Main.storyboard;
			sourceTree = "<group>";
		};
		F47528851F5DE1FC0086F5C6 /* LaunchScreen.storyboard */ = {
			isa = PBXVariantGroup;
			children = (
				F47528861F5DE1FC0086F5C6 /* Base */,
			);
			name = LaunchScreen.storyboard;
			sourceTree = "<group>";
		};
/* End PBXVariantGroup section */

/* Begin XCBuildConfiguration section */
		F475289F1F5DE1FC0086F5C6 /* Debug */ = {
			isa = XCBuildConfiguration;
			buildSettings = {
				ALWAYS_SEARCH_USER_PATHS = NO;
				CLANG_ANALYZER_NONNULL = YES;
				CLANG_ANALYZER_NUMBER_OBJECT_CONVERSION = YES_AGGRESSIVE;
				CLANG_CXX_LANGUAGE_STANDARD = "gnu++0x";
				CLANG_CXX_LIBRARY = "libc++";
				CLANG_ENABLE_MODULES = YES;
				CLANG_ENABLE_OBJC_ARC = YES;
				CLANG_WARN_BOOL_CONVERSION = YES;
				CLANG_WARN_CONSTANT_CONVERSION = YES;
				CLANG_WARN_DIRECT_OBJC_ISA_USAGE = YES_ERROR;
				CLANG_WARN_DOCUMENTATION_COMMENTS = YES;
				CLANG_WARN_EMPTY_BODY = YES;
				CLANG_WARN_ENUM_CONVERSION = YES;
				CLANG_WARN_INFINITE_RECURSION = YES;
				CLANG_WARN_INT_CONVERSION = YES;
				CLANG_WARN_OBJC_ROOT_CLASS = YES_ERROR;
				CLANG_WARN_SUSPICIOUS_MOVE = YES;
				CLANG_WARN_UNREACHABLE_CODE = YES;
				CLANG_WARN__DUPLICATE_METHOD_MATCH = YES;
				"CODE_SIGN_IDENTITY[sdk=iphoneos*]" = "iPhone Developer";
				COPY_PHASE_STRIP = NO;
				DEBUG_INFORMATION_FORMAT = dwarf;
				ENABLE_STRICT_OBJC_MSGSEND = YES;
				ENABLE_TESTABILITY = YES;
				GCC_C_LANGUAGE_STANDARD = gnu99;
				GCC_DYNAMIC_NO_PIC = NO;
				GCC_NO_COMMON_BLOCKS = YES;
				GCC_OPTIMIZATION_LEVEL = 0;
				GCC_PREPROCESSOR_DEFINITIONS = (
					"DEBUG=1",
					"$(inherited)",
				);
				GCC_WARN_64_TO_32_BIT_CONVERSION = YES;
				GCC_WARN_ABOUT_RETURN_TYPE = YES_ERROR;
				GCC_WARN_UNDECLARED_SELECTOR = YES;
				GCC_WARN_UNINITIALIZED_AUTOS = YES_AGGRESSIVE;
				GCC_WARN_UNUSED_FUNCTION = YES;
				GCC_WARN_UNUSED_VARIABLE = YES;
				IPHONEOS_DEPLOYMENT_TARGET = 10.3;
				MTL_ENABLE_DEBUG_INFO = YES;
				ONLY_ACTIVE_ARCH = YES;
				SDKROOT = iphoneos;
				SWIFT_ACTIVE_COMPILATION_CONDITIONS = DEBUG;
				SWIFT_OPTIMIZATION_LEVEL = "-Onone";
				TARGETED_DEVICE_FAMILY = "1,2";
			};
			name = Debug;
		};
		F47528A01F5DE1FC0086F5C6 /* Release */ = {
			isa = XCBuildConfiguration;
			buildSettings = {
				ALWAYS_SEARCH_USER_PATHS = NO;
				CLANG_ANALYZER_NONNULL = YES;
				CLANG_ANALYZER_NUMBER_OBJECT_CONVERSION = YES_AGGRESSIVE;
				CLANG_CXX_LANGUAGE_STANDARD = "gnu++0x";
				CLANG_CXX_LIBRARY = "libc++";
				CLANG_ENABLE_MODULES = YES;
				CLANG_ENABLE_OBJC_ARC = YES;
				CLANG_WARN_BOOL_CONVERSION = YES;
				CLANG_WARN_CONSTANT_CONVERSION = YES;
				CLANG_WARN_DIRECT_OBJC_ISA_USAGE = YES_ERROR;
				CLANG_WARN_DOCUMENTATION_COMMENTS = YES;
				CLANG_WARN_EMPTY_BODY = YES;
				CLANG_WARN_ENUM_CONVERSION = YES;
				CLANG_WARN_INFINITE_RECURSION = YES;
				CLANG_WARN_INT_CONVERSION = YES;
				CLANG_WARN_OBJC_ROOT_CLASS = YES_ERROR;
				CLANG_WARN_SUSPICIOUS_MOVE = YES;
				CLANG_WARN_UNREACHABLE_CODE = YES;
				CLANG_WARN__DUPLICATE_METHOD_MATCH = YES;
				"CODE_SIGN_IDENTITY[sdk=iphoneos*]" = "iPhone Developer";
				COPY_PHASE_STRIP = NO;
				DEBUG_INFORMATION_FORMAT = "dwarf-with-dsym";
				ENABLE_NS_ASSERTIONS = NO;
				ENABLE_STRICT_OBJC_MSGSEND = YES;
				GCC_C_LANGUAGE_STANDARD = gnu99;
				GCC_NO_COMMON_BLOCKS = YES;
				GCC_WARN_64_TO_32_BIT_CONVERSION = YES;
				GCC_WARN_ABOUT_RETURN_TYPE = YES_ERROR;
				GCC_WARN_UNDECLARED_SELECTOR = YES;
				GCC_WARN_UNINITIALIZED_AUTOS = YES_AGGRESSIVE;
				GCC_WARN_UNUSED_FUNCTION = YES;
				GCC_WARN_UNUSED_VARIABLE = YES;
				IPHONEOS_DEPLOYMENT_TARGET = 10.3;
				MTL_ENABLE_DEBUG_INFO = NO;
				SDKROOT = iphoneos;
				SWIFT_OPTIMIZATION_LEVEL = "-Owholemodule";
				TARGETED_DEVICE_FAMILY = "1,2";
				VALIDATE_PRODUCT = YES;
			};
			name = Release;
		};
		F47528A21F5DE1FC0086F5C6 /* Debug */ = {
			isa = XCBuildConfiguration;
			buildSettings = {
				ASSETCATALOG_COMPILER_APPICON_NAME = AppIcon;
				DEVELOPMENT_TEAM = 78P9LHF9Q5;
				INFOPLIST_FILE = iOSQuiz/Info.plist;
				LD_RUNPATH_SEARCH_PATHS = "$(inherited) @executable_path/Frameworks";
				PRODUCT_BUNDLE_IDENTIFIER = baughcreative.iOSQuiz;
				PRODUCT_NAME = "$(TARGET_NAME)";
				SWIFT_VERSION = 3.0;
			};
			name = Debug;
		};
		F47528A31F5DE1FC0086F5C6 /* Release */ = {
			isa = XCBuildConfiguration;
			buildSettings = {
				ASSETCATALOG_COMPILER_APPICON_NAME = AppIcon;
				DEVELOPMENT_TEAM = 78P9LHF9Q5;
				INFOPLIST_FILE = iOSQuiz/Info.plist;
				LD_RUNPATH_SEARCH_PATHS = "$(inherited) @executable_path/Frameworks";
				PRODUCT_BUNDLE_IDENTIFIER = baughcreative.iOSQuiz;
				PRODUCT_NAME = "$(TARGET_NAME)";
				SWIFT_VERSION = 3.0;
			};
			name = Release;
		};
		F47528A51F5DE1FC0086F5C6 /* Debug */ = {
			isa = XCBuildConfiguration;
			buildSettings = {
				ALWAYS_EMBED_SWIFT_STANDARD_LIBRARIES = YES;
				BUNDLE_LOADER = "$(TEST_HOST)";
				DEVELOPMENT_TEAM = 78P9LHF9Q5;
				INFOPLIST_FILE = iOSQuizTests/Info.plist;
				LD_RUNPATH_SEARCH_PATHS = "$(inherited) @executable_path/Frameworks @loader_path/Frameworks";
				PRODUCT_BUNDLE_IDENTIFIER = baughcreative.iOSQuizTests;
				PRODUCT_NAME = "$(TARGET_NAME)";
				SWIFT_VERSION = 3.0;
				TEST_HOST = "$(BUILT_PRODUCTS_DIR)/iOSQuiz.app/iOSQuiz";
			};
			name = Debug;
		};
		F47528A61F5DE1FC0086F5C6 /* Release */ = {
			isa = XCBuildConfiguration;
			buildSettings = {
				ALWAYS_EMBED_SWIFT_STANDARD_LIBRARIES = YES;
				BUNDLE_LOADER = "$(TEST_HOST)";
				DEVELOPMENT_TEAM = 78P9LHF9Q5;
				INFOPLIST_FILE = iOSQuizTests/Info.plist;
				LD_RUNPATH_SEARCH_PATHS = "$(inherited) @executable_path/Frameworks @loader_path/Frameworks";
				PRODUCT_BUNDLE_IDENTIFIER = baughcreative.iOSQuizTests;
				PRODUCT_NAME = "$(TARGET_NAME)";
				SWIFT_VERSION = 3.0;
				TEST_HOST = "$(BUILT_PRODUCTS_DIR)/iOSQuiz.app/iOSQuiz";
			};
			name = Release;
		};
		F47528A81F5DE1FC0086F5C6 /* Debug */ = {
			isa = XCBuildConfiguration;
			buildSettings = {
				ALWAYS_EMBED_SWIFT_STANDARD_LIBRARIES = YES;
				DEVELOPMENT_TEAM = 78P9LHF9Q5;
				INFOPLIST_FILE = iOSQuizUITests/Info.plist;
				LD_RUNPATH_SEARCH_PATHS = "$(inherited) @executable_path/Frameworks @loader_path/Frameworks";
				PRODUCT_BUNDLE_IDENTIFIER = baughcreative.iOSQuizUITests;
				PRODUCT_NAME = "$(TARGET_NAME)";
				SWIFT_VERSION = 3.0;
				TEST_TARGET_NAME = iOSQuiz;
			};
			name = Debug;
		};
		F47528A91F5DE1FC0086F5C6 /* Release */ = {
			isa = XCBuildConfiguration;
			buildSettings = {
				ALWAYS_EMBED_SWIFT_STANDARD_LIBRARIES = YES;
				DEVELOPMENT_TEAM = 78P9LHF9Q5;
				INFOPLIST_FILE = iOSQuizUITests/Info.plist;
				LD_RUNPATH_SEARCH_PATHS = "$(inherited) @executable_path/Frameworks @loader_path/Frameworks";
				PRODUCT_BUNDLE_IDENTIFIER = baughcreative.iOSQuizUITests;
				PRODUCT_NAME = "$(TARGET_NAME)";
				SWIFT_VERSION = 3.0;
				TEST_TARGET_NAME = iOSQuiz;
			};
			name = Release;
		};
/* End XCBuildConfiguration section */

/* Begin XCConfigurationList section */
		F47528741F5DE1FC0086F5C6 /* Build configuration list for PBXProject "iOSQuiz" */ = {
			isa = XCConfigurationList;
			buildConfigurations = (
				F475289F1F5DE1FC0086F5C6 /* Debug */,
				F47528A01F5DE1FC0086F5C6 /* Release */,
			);
			defaultConfigurationIsVisible = 0;
			defaultConfigurationName = Release;
		};
		F47528A11F5DE1FC0086F5C6 /* Build configuration list for PBXNativeTarget "iOSQuiz" */ = {
			isa = XCConfigurationList;
			buildConfigurations = (
				F47528A21F5DE1FC0086F5C6 /* Debug */,
				F47528A31F5DE1FC0086F5C6 /* Release */,
			);
			defaultConfigurationIsVisible = 0;
		};
		F47528A41F5DE1FC0086F5C6 /* Build configuration list for PBXNativeTarget "iOSQuizTests" */ = {
			isa = XCConfigurationList;
			buildConfigurations = (
				F47528A51F5DE1FC0086F5C6 /* Debug */,
				F47528A61F5DE1FC0086F5C6 /* Release */,
			);
			defaultConfigurationIsVisible = 0;
		};
		F47528A71F5DE1FC0086F5C6 /* Build configuration list for PBXNativeTarget "iOSQuizUITests" */ = {
			isa = XCConfigurationList;
			buildConfigurations = (
				F47528A81F5DE1FC0086F5C6 /* Debug */,
				F47528A91F5DE1FC0086F5C6 /* Release */,
			);
			defaultConfigurationIsVisible = 0;
		};
/* End XCConfigurationList section */
	};
	rootObject = F47528711F5DE1FC0086F5C6 /* Project object */;
}
